
Microsoft Visual Studio Solution File, Format Version 12.00
# Visual Studio Version 16
VisualStudioVersion = 16.0.31424.327
MinimumVisualStudioVersion = 10.0.40219.1
Project("{FAE04EC0-301F-11D3-BF4B-00C04F79EFBC}") = "Auto.ConsoleApp", "Auto.ConsoleApp\Auto.ConsoleApp.csproj", "{12546F36-C96C-40AF-AAA7-85D78E1EE3FD}"
EndProject
Project("{FAE04EC0-301F-11D3-BF4B-00C04F79EFBC}") = "Auto.Plugins", "Auto.Plugins\Auto.Plugins.csproj", "{71E355DB-2FF2-4C8E-B1AA-48D9142A5AC6}"
EndProject
Project("{FAE04EC0-301F-11D3-BF4B-00C04F79EFBC}") = "Auto.Common", "Auto.Common\Auto.Common.csproj", "{C04977F3-1984-481E-BCE9-7CA449EEA6BF}"
EndProject
Project("{FAE04EC0-301F-11D3-BF4B-00C04F79EFBC}") = "Auto.Workflows", "Auto.Workflows\Auto.Workflows.csproj", "{0F3E7D94-788D-43C7-B308-CBEEF7267718}"
EndProject
Global
	GlobalSection(SolutionConfigurationPlatforms) = preSolution
		Debug|Any CPU = Debug|Any CPU
		Release|Any CPU = Release|Any CPU
	EndGlobalSection
	GlobalSection(ProjectConfigurationPlatforms) = postSolution
		{12546F36-C96C-40AF-AAA7-85D78E1EE3FD}.Debug|Any CPU.ActiveCfg = Debug|Any CPU
		{12546F36-C96C-40AF-AAA7-85D78E1EE3FD}.Debug|Any CPU.Build.0 = Debug|Any CPU
		{12546F36-C96C-40AF-AAA7-85D78E1EE3FD}.Release|Any CPU.ActiveCfg = Release|Any CPU
		{12546F36-C96C-40AF-AAA7-85D78E1EE3FD}.Release|Any CPU.Build.0 = Release|Any CPU
		{71E355DB-2FF2-4C8E-B1AA-48D9142A5AC6}.Debug|Any CPU.ActiveCfg = Debug|Any CPU
		{71E355DB-2FF2-4C8E-B1AA-48D9142A5AC6}.Debug|Any CPU.Build.0 = Debug|Any CPU
		{71E355DB-2FF2-4C8E-B1AA-48D9142A5AC6}.Release|Any CPU.ActiveCfg = Release|Any CPU
		{71E355DB-2FF2-4C8E-B1AA-48D9142A5AC6}.Release|Any CPU.Build.0 = Release|Any CPU
		{C04977F3-1984-481E-BCE9-7CA449EEA6BF}.Debug|Any CPU.ActiveCfg = Debug|Any CPU
		{C04977F3-1984-481E-BCE9-7CA449EEA6BF}.Debug|Any CPU.Build.0 = Debug|Any CPU
		{C04977F3-1984-481E-BCE9-7CA449EEA6BF}.Release|Any CPU.ActiveCfg = Release|Any CPU
		{C04977F3-1984-481E-BCE9-7CA449EEA6BF}.Release|Any CPU.Build.0 = Release|Any CPU
		{0F3E7D94-788D-43C7-B308-CBEEF7267718}.Debug|Any CPU.ActiveCfg = Debug|Any CPU
		{0F3E7D94-788D-43C7-B308-CBEEF7267718}.Debug|Any CPU.Build.0 = Debug|Any CPU
		{0F3E7D94-788D-43C7-B308-CBEEF7267718}.Release|Any CPU.ActiveCfg = Release|Any CPU
		{0F3E7D94-788D-43C7-B308-CBEEF7267718}.Release|Any CPU.Build.0 = Release|Any CPU
	EndGlobalSection
	GlobalSection(SolutionProperties) = preSolution
		HideSolutionNode = FALSE
	EndGlobalSection
	GlobalSection(ExtensibilityGlobals) = postSolution
		SolutionGuid = {8768363E-7342-4007-BF8F-AED78F32BFCA}
	EndGlobalSection
EndGlobal
